// !$*UTF8*$!
{
	archiveVersion = 1;
	classes = {
	};
	objectVersion = 46;
	objects = {

/* Begin PBXBuildFile section */
		7F8DD5E71CCA3C2700894D9A /* main.c in Sources */ = {isa = PBXBuildFile; fileRef = 7F8DD5E61CCA3C2700894D9A /* main.c */; };
/* End PBXBuildFile section */

/* Begin PBXCopyFilesBuildPhase section */
		7F8DD5E11CCA3C2700894D9A /* CopyFiles */ = {
			isa = PBXCopyFilesBuildPhase;
			buildActionMask = 2147483647;
			dstPath = /usr/share/man/man1/;
			dstSubfolderSpec = 0;
			files = (
			);
			runOnlyForDeploymentPostprocessing = 1;
		};
/* End PBXCopyFilesBuildPhase section */

/* Begin PBXFileReference section */
		7F8DD5E31CCA3C2700894D9A /* 2016.04.22 */ = {isa = PBXFileReference; explicitFileType = "compiled.mach-o.executable"; includeInIndex = 0; path = 2016.04.22; sourceTree = BUILT_PRODUCTS_DIR; };
		7F8DD5E61CCA3C2700894D9A /* main.c */ = {isa = PBXFileReference; lastKnownFileType = sourcecode.c.c; path = main.c; sourceTree = "<group>"; };
/* End PBXFileReference section */

/* Begin PBXFrameworksBuildPhase section */
		7F8DD5E01CCA3C2700894D9A /* Frameworks */ = {
			isa = PBXFrameworksBuildPhase;
			buildActionMask = 2147483647;
			files = (
			);
			runOnlyForDeploymentPostprocessing = 0;
		};
/* End PBXFrameworksBuildPhase section */

/* Begin PBXGroup section */
		7F8DD5DA1CCA3C2700894D9A = {
			isa = PBXGroup;
			children = (
				7F8DD5E51CCA3C2700894D9A /* 2016.04.22 */,
				7F8DD5E41CCA3C2700894D9A /* Products */,
			);
			sourceTree = "<group>";
		};
		7F8DD5E41CCA3C2700894D9A /* Products */ = {
			isa = PBXGroup;
			children = (
				7F8DD5E31CCA3C2700894D9A /* 2016.04.22 */,
			);
			name = Products;
			sourceTree = "<group>";
		};
		7F8DD5E51CCA3C2700894D9A /* 2016.04.22 */ = {
			isa = PBXGroup;
			children = (
				7F8DD5E61CCA3C2700894D9A /* main.c */,
			);
			path = 2016.04.22;
			sourceTree = "<group>";
		};
/* End PBXGroup section */

/* Begin PBXNativeTarget section */
		7F8DD5E21CCA3C2700894D9A /* 2016.04.22 */ = {
			isa = PBXNativeTarget;
			buildConfigurationList = 7F8DD5EA1CCA3C2700894D9A /* Build configuration list for PBXNativeTarget "2016.04.22" */;
			buildPhases = (
				7F8DD5DF1CCA3C2700894D9A /* Sources */,
				7F8DD5E01CCA3C2700894D9A /* Frameworks */,
				7F8DD5E11CCA3C2700894D9A /* CopyFiles */,
			);
			buildRules = (
			);
			dependencies = (
			);
			name = 2016.04.22;
			productName = 2016.04.22;
			productReference = 7F8DD5E31CCA3C2700894D9A /* 2016.04.22 */;
			productType = "com.apple.product-type.tool";
		};
/* End PBXNativeTarget section */

/* Begin PBXProject section */
		7F8DD5DB1CCA3C2700894D9A /* Project object */ = {
			isa = PBXProject;
			attributes = {
				LastUpgradeCheck = 0700;
				ORGANIZATIONNAME = "顾明轩";
				TargetAttributes = {
					7F8DD5E21CCA3C2700894D9A = {
						CreatedOnToolsVersion = 7.0;
					};
				};
			};
			buildConfigurationList = 7F8DD5DE1CCA3C2700894D9A /* Build configuration list for PBXProject "2016.04.22" */;
			compatibilityVersion = "Xcode 3.2";
			developmentRegion = English;
			hasScannedForEncodings = 0;
			knownRegions = (
				en,
			);
			mainGroup = 7F8DD5DA1CCA3C2700894D9A;
			productRefGroup = 7F8DD5E41CCA3C2700894D9A /* Products */;
			projectDirPath = "";
			projectRoot = "";
			targets = (
				7F8DD5E21CCA3C2700894D9A /* 2016.04.22 */,
			);
		};
/* End PBXProject section */

/* Begin PBXSourcesBuildPhase section */
		7F8DD5DF1CCA3C2700894D9A /* Sources */ = {
			isa = PBXSourcesBuildPhase;
			buildActionMask = 2147483647;
			files = (
				7F8DD5E71CCA3C2700894D9A /* main.c in Sources */,
			);
			runOnlyForDeploymentPostprocessing = 0;
		};
/* End PBXSourcesBuildPhase section */

/* Begin XCBuildConfiguration section */
		7F8DD5E81CCA3C2700894D9A /* Debug */ = {
			isa = XCBuildConfiguration;
			buildSettings = {
				ALWAYS_SEARCH_USER_PATHS = NO;
				CLANG_CXX_LANGUAGE_STANDARD = "gnu++0x";
				CLANG_CXX_LIBRARY = "libc++";
				CLANG_ENABLE_MODULES = YES;
				CLANG_ENABLE_OBJC_ARC = YES;
				CLANG_WARN_BOOL_CONVERSION = YES;
				CLANG_WARN_CONSTANT_CONVERSION = YES;
				CLANG_WARN_DIRECT_OBJC_ISA_USAGE = YES_ERROR;
				CLANG_WARN_EMPTY_BODY = YES;
				CLANG_WARN_ENUM_CONVERSION = YES;
				CLANG_WARN_INT_CONVERSION = YES;
				CLANG_WARN_OBJC_ROOT_CLASS = YES_ERROR;
				CLANG_WARN_UNREACHABLE_CODE = YES;
				CLANG_WARN__DUPLICATE_METHOD_MATCH = YES;
				COPY_PHASE_STRIP = NO;
				DEBUG_INFORMATION_FORMAT = dwarf;
				ENABLE_STRICT_OBJC_MSGSEND = YES;
				ENABLE_TESTABILITY = YES;
				GCC_C_LANGUAGE_STANDARD = gnu99;
				GCC_DYNAMIC_NO_PIC = NO;
				GCC_NO_COMMON_BLOCKS = YES;
				GCC_OPTIMIZATION_LEVEL = 0;
				GCC_PREPROCESSOR_DEFINITIONS = (
					"DEBUG=1",
					"$(inherited)",
				);
				GCC_WARN_64_TO_32_BIT_CONVERSION = YES;
				GCC_WARN_ABOUT_RETURN_TYPE = YES_ERROR;
				GCC_WARN_UNDECLARED_SELECTOR = YES;
				GCC_WARN_UNINITIALIZED_AUTOS = YES_AGGRESSIVE;
				GCC_WARN_UNUSED_FUNCTION = YES;
				GCC_WARN_UNUSED_VARIABLE = YES;
				MACOSX_DEPLOYMENT_TARGET = 10.10;
				MTL_ENABLE_DEBUG_INFO = YES;
				ONLY_ACTIVE_ARCH = YES;
				SDKROOT = macosx;
			};
			name = Debug;
		};
		7F8DD5E91CCA3C2700894D9A /* Release */ = {
			isa = XCBuildConfiguration;
			buildSettings = {
				ALWAYS_SEARCH_USER_PATHS = NO;
				CLANG_CXX_LANGUAGE_STANDARD = "gnu++0x";
				CLANG_CXX_LIBRARY = "libc++";
				CLANG_ENABLE_MODULES = YES;
				CLANG_ENABLE_OBJC_ARC = YES;
				CLANG_WARN_BOOL_CONVERSION = YES;
				CLANG_WARN_CONSTANT_CONVERSION = YES;
				CLANG_WARN_DIRECT_OBJC_ISA_USAGE = YES_ERROR;
				CLANG_WARN_EMPTY_BODY = YES;
				CLANG_WARN_ENUM_CONVERSION = YES;
				CLANG_WARN_INT_CONVERSION = YES;
				CLANG_WARN_OBJC_ROOT_CLASS = YES_ERROR;
				CLANG_WARN_UNREACHABLE_CODE = YES;
				CLANG_WARN__DUPLICATE_METHOD_MATCH = YES;
				COPY_PHASE_STRIP = NO;
				DEBUG_INFORMATION_FORMAT = "dwarf-with-dsym";
				ENABLE_NS_ASSERTIONS = NO;
				ENABLE_STRICT_OBJC_MSGSEND = YES;
				GCC_C_LANGUAGE_STANDARD = gnu99;
				GCC_NO_COMMON_BLOCKS = YES;
				GCC_WARN_64_TO_32_BIT_CONVERSION = YES;
				GCC_WARN_ABOUT_RETURN_TYPE = YES_ERROR;
				GCC_WARN_UNDECLARED_SELECTOR = YES;
				GCC_WARN_UNINITIALIZED_AUTOS = YES_AGGRESSIVE;
				GCC_WARN_UNUSED_FUNCTION = YES;
				GCC_WARN_UNUSED_VARIABLE = YES;
				MACOSX_DEPLOYMENT_TARGET = 10.10;
				MTL_ENABLE_DEBUG_INFO = NO;
				SDKROOT = macosx;
			};
			name = Release;
		};
		7F8DD5EB1CCA3C2700894D9A /* Debug */ = {
			isa = XCBuildConfiguration;
			buildSettings = {
				PRODUCT_NAME = "$(TARGET_NAME)";
			};
			name = Debug;
		};
		7F8DD5EC1CCA3C2700894D9A /* Release */ = {
			isa = XCBuildConfiguration;
			buildSettings = {
				PRODUCT_NAME = "$(TARGET_NAME)";
			};
			name = Release;
		};
/* End XCBuildConfiguration section */

/* Begin XCConfigurationList section */
		7F8DD5DE1CCA3C2700894D9A /* Build configuration list for PBXProject "2016.04.22" */ = {
			isa = XCConfigurationList;
			buildConfigurations = (
				7F8DD5E81CCA3C2700894D9A /* Debug */,
				7F8DD5E91CCA3C2700894D9A /* Release */,
			);
			defaultConfigurationIsVisible = 0;
			defaultConfigurationName = Release;
		};
		7F8DD5EA1CCA3C2700894D9A /* Build configuration list for PBXNativeTarget "2016.04.22" */ = {
			isa = XCConfigurationList;
			buildConfigurations = (
				7F8DD5EB1CCA3C2700894D9A /* Debug */,
				7F8DD5EC1CCA3C2700894D9A /* Release */,
			);
			defaultConfigurationIsVisible = 0;
		};
/* End XCConfigurationList section */
	};
	rootObject = 7F8DD5DB1CCA3C2700894D9A /* Project object */;
}
